// !$*UTF8*$!
{
	archiveVersion = 1;
	classes = {
	};
	objectVersion = 46;
	objects = {

/* Begin PBXBuildFile section */
		11775AF41A847B1400738426 /* AppDelegate.swift in Sources */ = {isa = PBXBuildFile; fileRef = 11775AF31A847B1400738426 /* AppDelegate.swift */; };
		11775AF61A847B1400738426 /* ViewController.swift in Sources */ = {isa = PBXBuildFile; fileRef = 11775AF51A847B1400738426 /* ViewController.swift */; };
		11775AF91A847B1400738426 /* Main.storyboard in Resources */ = {isa = PBXBuildFile; fileRef = 11775AF71A847B1400738426 /* Main.storyboard */; };
		11775AFB1A847B1400738426 /* Images.xcassets in Resources */ = {isa = PBXBuildFile; fileRef = 11775AFA1A847B1400738426 /* Images.xcassets */; };
		11775AFE1A847B1400738426 /* LaunchScreen.xib in Resources */ = {isa = PBXBuildFile; fileRef = 11775AFC1A847B1400738426 /* LaunchScreen.xib */; };
		11775B0A1A847B1500738426 /* Fun_FactsTests.swift in Sources */ = {isa = PBXBuildFile; fileRef = 11775B091A847B1500738426 /* Fun_FactsTests.swift */; };
		11775B161A84936F00738426 /* FactBook.swift in Sources */ = {isa = PBXBuildFile; fileRef = 11775B151A84936F00738426 /* FactBook.swift */; };
		11775B181A85666D00738426 /* ColorWheel.swift in Sources */ = {isa = PBXBuildFile; fileRef = 11775B171A85666D00738426 /* ColorWheel.swift */; };
/* End PBXBuildFile section */

/* Begin PBXContainerItemProxy section */
		11775B041A847B1500738426 /* PBXContainerItemProxy */ = {
			isa = PBXContainerItemProxy;
			containerPortal = 11775AE61A847B1300738426 /* Project object */;
			proxyType = 1;
			remoteGlobalIDString = 11775AED1A847B1300738426;
			remoteInfo = "Fun Facts";
		};
/* End PBXContainerItemProxy section */

/* Begin PBXFileReference section */
		11775AEE1A847B1400738426 /* Fun Facts.app */ = {isa = PBXFileReference; explicitFileType = wrapper.application; includeInIndex = 0; path = "Fun Facts.app"; sourceTree = BUILT_PRODUCTS_DIR; };
		11775AF21A847B1400738426 /* Info.plist */ = {isa = PBXFileReference; lastKnownFileType = text.plist.xml; path = Info.plist; sourceTree = "<group>"; };
		11775AF31A847B1400738426 /* AppDelegate.swift */ = {isa = PBXFileReference; lastKnownFileType = sourcecode.swift; path = AppDelegate.swift; sourceTree = "<group>"; };
		11775AF51A847B1400738426 /* ViewController.swift */ = {isa = PBXFileReference; lastKnownFileType = sourcecode.swift; path = ViewController.swift; sourceTree = "<group>"; };
		11775AF81A847B1400738426 /* Base */ = {isa = PBXFileReference; lastKnownFileType = file.storyboard; name = Base; path = Base.lproj/Main.storyboard; sourceTree = "<group>"; };
		11775AFA1A847B1400738426 /* Images.xcassets */ = {isa = PBXFileReference; lastKnownFileType = folder.assetcatalog; path = Images.xcassets; sourceTree = "<group>"; };
		11775AFD1A847B1400738426 /* Base */ = {isa = PBXFileReference; lastKnownFileType = file.xib; name = Base; path = Base.lproj/LaunchScreen.xib; sourceTree = "<group>"; };
		11775B031A847B1500738426 /* Fun FactsTests.xctest */ = {isa = PBXFileReference; explicitFileType = wrapper.cfbundle; includeInIndex = 0; path = "Fun FactsTests.xctest"; sourceTree = BUILT_PRODUCTS_DIR; };
		11775B081A847B1500738426 /* Info.plist */ = {isa = PBXFileReference; lastKnownFileType = text.plist.xml; path = Info.plist; sourceTree = "<group>"; };
		11775B091A847B1500738426 /* Fun_FactsTests.swift */ = {isa = PBXFileReference; lastKnownFileType = sourcecode.swift; path = Fun_FactsTests.swift; sourceTree = "<group>"; };
		11775B131A847E4D00738426 /* Scratchpad.playground */ = {isa = PBXFileReference; lastKnownFileType = file.playground; path = Scratchpad.playground; sourceTree = "<group>"; };
		11775B151A84936F00738426 /* FactBook.swift */ = {isa = PBXFileReference; fileEncoding = 4; lastKnownFileType = sourcecode.swift; path = FactBook.swift; sourceTree = "<group>"; };
		11775B171A85666D00738426 /* ColorWheel.swift */ = {isa = PBXFileReference; fileEncoding = 4; lastKnownFileType = sourcecode.swift; path = ColorWheel.swift; sourceTree = "<group>"; };
/* End PBXFileReference section */

/* Begin PBXFrameworksBuildPhase section */
		11775AEB1A847B1300738426 /* Frameworks */ = {
			isa = PBXFrameworksBuildPhase;
			buildActionMask = 2147483647;
			files = (
			);
			runOnlyForDeploymentPostprocessing = 0;
		};
		11775B001A847B1500738426 /* Frameworks */ = {
			isa = PBXFrameworksBuildPhase;
			buildActionMask = 2147483647;
			files = (
			);
			runOnlyForDeploymentPostprocessing = 0;
		};
/* End PBXFrameworksBuildPhase section */

/* Begin PBXGroup section */
		11775AE51A847B1300738426 = {
			isa = PBXGroup;
			children = (
				11775AF01A847B1400738426 /* Fun Facts */,
				11775B141A847E6100738426 /* Playgrounds */,
				11775B061A847B1500738426 /* Fun FactsTests */,
				11775AEF1A847B1400738426 /* Products */,
			);
			sourceTree = "<group>";
		};
		11775AEF1A847B1400738426 /* Products */ = {
			isa = PBXGroup;
			children = (
				11775AEE1A847B1400738426 /* Fun Facts.app */,
				11775B031A847B1500738426 /* Fun FactsTests.xctest */,
			);
			name = Products;
			sourceTree = "<group>";
		};
		11775AF01A847B1400738426 /* Fun Facts */ = {
			isa = PBXGroup;
			children = (
				11775AF31A847B1400738426 /* AppDelegate.swift */,
				11775B151A84936F00738426 /* FactBook.swift */,
				11775B171A85666D00738426 /* ColorWheel.swift */,
				11775AF51A847B1400738426 /* ViewController.swift */,
				11775AF71A847B1400738426 /* Main.storyboard */,
				11775AFA1A847B1400738426 /* Images.xcassets */,
				11775AFC1A847B1400738426 /* LaunchScreen.xib */,
				11775AF11A847B1400738426 /* Supporting Files */,
			);
			path = "Fun Facts";
			sourceTree = "<group>";
		};
		11775AF11A847B1400738426 /* Supporting Files */ = {
			isa = PBXGroup;
			children = (
				11775AF21A847B1400738426 /* Info.plist */,
			);
			name = "Supporting Files";
			sourceTree = "<group>";
		};
		11775B061A847B1500738426 /* Fun FactsTests */ = {
			isa = PBXGroup;
			children = (
				11775B091A847B1500738426 /* Fun_FactsTests.swift */,
				11775B071A847B1500738426 /* Supporting Files */,
			);
			path = "Fun FactsTests";
			sourceTree = "<group>";
		};
		11775B071A847B1500738426 /* Supporting Files */ = {
			isa = PBXGroup;
			children = (
				11775B081A847B1500738426 /* Info.plist */,
			);
			name = "Supporting Files";
			sourceTree = "<group>";
		};
		11775B141A847E6100738426 /* Playgrounds */ = {
			isa = PBXGroup;
			children = (
				11775B131A847E4D00738426 /* Scratchpad.playground */,
			);
			name = Playgrounds;
			sourceTree = "<group>";
		};
/* End PBXGroup section */

/* Begin PBXNativeTarget section */
		11775AED1A847B1300738426 /* Fun Facts */ = {
			isa = PBXNativeTarget;
			buildConfigurationList = 11775B0D1A847B1500738426 /* Build configuration list for PBXNativeTarget "Fun Facts" */;
			buildPhases = (
				11775AEA1A847B1300738426 /* Sources */,
				11775AEB1A847B1300738426 /* Frameworks */,
				11775AEC1A847B1300738426 /* Resources */,
			);
			buildRules = (
			);
			dependencies = (
			);
			name = "Fun Facts";
			productName = "Fun Facts";
			productReference = 11775AEE1A847B1400738426 /* Fun Facts.app */;
			productType = "com.apple.product-type.application";
		};
		11775B021A847B1500738426 /* Fun FactsTests */ = {
			isa = PBXNativeTarget;
			buildConfigurationList = 11775B101A847B1500738426 /* Build configuration list for PBXNativeTarget "Fun FactsTests" */;
			buildPhases = (
				11775AFF1A847B1500738426 /* Sources */,
				11775B001A847B1500738426 /* Frameworks */,
				11775B011A847B1500738426 /* Resources */,
			);
			buildRules = (
			);
			dependencies = (
				11775B051A847B1500738426 /* PBXTargetDependency */,
			);
			name = "Fun FactsTests";
			productName = "Fun FactsTests";
			productReference = 11775B031A847B1500738426 /* Fun FactsTests.xctest */;
			productType = "com.apple.product-type.bundle.unit-test";
		};
/* End PBXNativeTarget section */

/* Begin PBXProject section */
		11775AE61A847B1300738426 /* Project object */ = {
			isa = PBXProject;
			attributes = {
				LastUpgradeCheck = 0610;
				ORGANIZATIONNAME = com.ClassicTim;
				TargetAttributes = {
					11775AED1A847B1300738426 = {
						CreatedOnToolsVersion = 6.1.1;
						DevelopmentTeam = CVZ2PV99S8;
					};
					11775B021A847B1500738426 = {
						CreatedOnToolsVersion = 6.1.1;
						TestTargetID = 11775AED1A847B1300738426;
					};
				};
			};
			buildConfigurationList = 11775AE91A847B1300738426 /* Build configuration list for PBXProject "Fun Facts" */;
			compatibilityVersion = "Xcode 3.2";
			developmentRegion = English;
			hasScannedForEncodings = 0;
			knownRegions = (
				en,
				Base,
			);
			mainGroup = 11775AE51A847B1300738426;
			productRefGroup = 11775AEF1A847B1400738426 /* Products */;
			projectDirPath = "";
			projectRoot = "";
			targets = (
				11775AED1A847B1300738426 /* Fun Facts */,
				11775B021A847B1500738426 /* Fun FactsTests */,
			);
		};
/* End PBXProject section */

/* Begin PBXResourcesBuildPhase section */
		11775AEC1A847B1300738426 /* Resources */ = {
			isa = PBXResourcesBuildPhase;
			buildActionMask = 2147483647;
			files = (
				11775AF91A847B1400738426 /* Main.storyboard in Resources */,
				11775AFE1A847B1400738426 /* LaunchScreen.xib in Resources */,
				11775AFB1A847B1400738426 /* Images.xcassets in Resources */,
			);
			runOnlyForDeploymentPostprocessing = 0;
		};
		11775B011A847B1500738426 /* Resources */ = {
			isa = PBXResourcesBuildPhase;
			buildActionMask = 2147483647;
			files = (
			);
			runOnlyForDeploymentPostprocessing = 0;
		};
/* End PBXResourcesBuildPhase section */

/* Begin PBXSourcesBuildPhase section */
		11775AEA1A847B1300738426 /* Sources */ = {
			isa = PBXSourcesBuildPhase;
			buildActionMask = 2147483647;
			files = (
				11775B161A84936F00738426 /* FactBook.swift in Sources */,
				11775AF61A847B1400738426 /* ViewController.swift in Sources */,
				11775AF41A847B1400738426 /* AppDelegate.swift in Sources */,
				11775B181A85666D00738426 /* ColorWheel.swift in Sources */,
			);
			runOnlyForDeploymentPostprocessing = 0;
		};
		11775AFF1A847B1500738426 /* Sources */ = {
			isa = PBXSourcesBuildPhase;
			buildActionMask = 2147483647;
			files = (
				11775B0A1A847B1500738426 /* Fun_FactsTests.swift in Sources */,
			);
			runOnlyForDeploymentPostprocessing = 0;
		};
/* End PBXSourcesBuildPhase section */

/* Begin PBXTargetDependency section */
		11775B051A847B1500738426 /* PBXTargetDependency */ = {
			isa = PBXTargetDependency;
			target = 11775AED1A847B1300738426 /* Fun Facts */;
			targetProxy = 11775B041A847B1500738426 /* PBXContainerItemProxy */;
		};
/* End PBXTargetDependency section */

/* Begin PBXVariantGroup section */
		11775AF71A847B1400738426 /* Main.storyboard */ = {
			isa = PBXVariantGroup;
			children = (
				11775AF81A847B1400738426 /* Base */,
			);
			name = Main.storyboard;
			sourceTree = "<group>";
		};
		11775AFC1A847B1400738426 /* LaunchScreen.xib */ = {
			isa = PBXVariantGroup;
			children = (
				11775AFD1A847B1400738426 /* Base */,
			);
			name = LaunchScreen.xib;
			sourceTree = "<group>";
		};
/* End PBXVariantGroup section */

/* Begin XCBuildConfiguration section */
		11775B0B1A847B1500738426 /* Debug */ = {
			isa = XCBuildConfiguration;
			buildSettings = {
				ALWAYS_SEARCH_USER_PATHS = NO;
				CLANG_CXX_LANGUAGE_STANDARD = "gnu++0x";
				CLANG_CXX_LIBRARY = "libc++";
				CLANG_ENABLE_MODULES = YES;
				CLANG_ENABLE_OBJC_ARC = YES;
				CLANG_WARN_BOOL_CONVERSION = YES;
				CLANG_WARN_CONSTANT_CONVERSION = YES;
				CLANG_WARN_DIRECT_OBJC_ISA_USAGE = YES_ERROR;
				CLANG_WARN_EMPTY_BODY = YES;
				CLANG_WARN_ENUM_CONVERSION = YES;
				CLANG_WARN_INT_CONVERSION = YES;
				CLANG_WARN_OBJC_ROOT_CLASS = YES_ERROR;
				CLANG_WARN_UNREACHABLE_CODE = YES;
				CLANG_WARN__DUPLICATE_METHOD_MATCH = YES;
				"CODE_SIGN_IDENTITY[sdk=iphoneos*]" = "iPhone Developer";
				COPY_PHASE_STRIP = NO;
				ENABLE_STRICT_OBJC_MSGSEND = YES;
				GCC_C_LANGUAGE_STANDARD = gnu99;
				GCC_DYNAMIC_NO_PIC = NO;
				GCC_OPTIMIZATION_LEVEL = 0;
				GCC_PREPROCESSOR_DEFINITIONS = (
					"DEBUG=1",
					"$(inherited)",
				);
				GCC_SYMBOLS_PRIVATE_EXTERN = NO;
				GCC_WARN_64_TO_32_BIT_CONVERSION = YES;
				GCC_WARN_ABOUT_RETURN_TYPE = YES_ERROR;
				GCC_WARN_UNDECLARED_SELECTOR = YES;
				GCC_WARN_UNINITIALIZED_AUTOS = YES_AGGRESSIVE;
				GCC_WARN_UNUSED_FUNCTION = YES;
				GCC_WARN_UNUSED_VARIABLE = YES;
				IPHONEOS_DEPLOYMENT_TARGET = 8.1;
				MTL_ENABLE_DEBUG_INFO = YES;
				ONLY_ACTIVE_ARCH = YES;
				SDKROOT = iphoneos;
				SWIFT_OPTIMIZATION_LEVEL = "-Onone";
			};
			name = Debug;
		};
		11775B0C1A847B1500738426 /* Release */ = {
			isa = XCBuildConfiguration;
			buildSettings = {
				ALWAYS_SEARCH_USER_PATHS = NO;
				CLANG_CXX_LANGUAGE_STANDARD = "gnu++0x";
				CLANG_CXX_LIBRARY = "libc++";
				CLANG_ENABLE_MODULES = YES;
				CLANG_ENABLE_OBJC_ARC = YES;
				CLANG_WARN_BOOL_CONVERSION = YES;
				CLANG_WARN_CONSTANT_CONVERSION = YES;
				CLANG_WARN_DIRECT_OBJC_ISA_USAGE = YES_ERROR;
				CLANG_WARN_EMPTY_BODY = YES;
				CLANG_WARN_ENUM_CONVERSION = YES;
				CLANG_WARN_INT_CONVERSION = YES;
				CLANG_WARN_OBJC_ROOT_CLASS = YES_ERROR;
				CLANG_WARN_UNREACHABLE_CODE = YES;
				CLANG_WARN__DUPLICATE_METHOD_MATCH = YES;
				"CODE_SIGN_IDENTITY[sdk=iphoneos*]" = "iPhone Developer";
				COPY_PHASE_STRIP = YES;
				ENABLE_NS_ASSERTIONS = NO;
				ENABLE_STRICT_OBJC_MSGSEND = YES;
				GCC_C_LANGUAGE_STANDARD = gnu99;
				GCC_WARN_64_TO_32_BIT_CONVERSION = YES;
				GCC_WARN_ABOUT_RETURN_TYPE = YES_ERROR;
				GCC_WARN_UNDECLARED_SELECTOR = YES;
				GCC_WARN_UNINITIALIZED_AUTOS = YES_AGGRESSIVE;
				GCC_WARN_UNUSED_FUNCTION = YES;
				GCC_WARN_UNUSED_VARIABLE = YES;
				IPHONEOS_DEPLOYMENT_TARGET = 8.1;
				MTL_ENABLE_DEBUG_INFO = NO;
				SDKROOT = iphoneos;
				VALIDATE_PRODUCT = YES;
			};
			name = Release;
		};
		11775B0E1A847B1500738426 /* Debug */ = {
			isa = XCBuildConfiguration;
			buildSettings = {
				ASSETCATALOG_COMPILER_APPICON_NAME = AppIcon;
				CODE_SIGN_IDENTITY = "iPhone Developer";
				INFOPLIST_FILE = "Fun Facts/Info.plist";
				LD_RUNPATH_SEARCH_PATHS = "$(inherited) @executable_path/Frameworks";
				PRODUCT_NAME = "$(TARGET_NAME)";
			};
			name = Debug;
		};
		11775B0F1A847B1500738426 /* Release */ = {
			isa = XCBuildConfiguration;
			buildSettings = {
				ASSETCATALOG_COMPILER_APPICON_NAME = AppIcon;
				CODE_SIGN_IDENTITY = "iPhone Developer";
				INFOPLIST_FILE = "Fun Facts/Info.plist";
				LD_RUNPATH_SEARCH_PATHS = "$(inherited) @executable_path/Frameworks";
				PRODUCT_NAME = "$(TARGET_NAME)";
			};
			name = Release;
		};
		11775B111A847B1500738426 /* Debug */ = {
			isa = XCBuildConfiguration;
			buildSettings = {
				BUNDLE_LOADER = "$(TEST_HOST)";
				FRAMEWORK_SEARCH_PATHS = (
					"$(SDKROOT)/Developer/Library/Frameworks",
					"$(inherited)",
				);
				GCC_PREPROCESSOR_DEFINITIONS = (
					"DEBUG=1",
					"$(inherited)",
				);
				INFOPLIST_FILE = "Fun FactsTests/Info.plist";
				LD_RUNPATH_SEARCH_PATHS = "$(inherited) @executable_path/Frameworks @loader_path/Frameworks";
				PRODUCT_NAME = "$(TARGET_NAME)";
				TEST_HOST = "$(BUILT_PRODUCTS_DIR)/Fun Facts.app/Fun Facts";
			};
			name = Debug;
		};
		11775B121A847B1500738426 /* Release */ = {
			isa = XCBuildConfiguration;
			buildSettings = {
				BUNDLE_LOADER = "$(TEST_HOST)";
				FRAMEWORK_SEARCH_PATHS = (
					"$(SDKROOT)/Developer/Library/Frameworks",
					"$(inherited)",
				);
				INFOPLIST_FILE = "Fun FactsTests/Info.plist";
				LD_RUNPATH_SEARCH_PATHS = "$(inherited) @executable_path/Frameworks @loader_path/Frameworks";
				PRODUCT_NAME = "$(TARGET_NAME)";
				TEST_HOST = "$(BUILT_PRODUCTS_DIR)/Fun Facts.app/Fun Facts";
			};
			name = Release;
		};
/* End XCBuildConfiguration section */

/* Begin XCConfigurationList section */
		11775AE91A847B1300738426 /* Build configuration list for PBXProject "Fun Facts" */ = {
			isa = XCConfigurationList;
			buildConfigurations = (
				11775B0B1A847B1500738426 /* Debug */,
				11775B0C1A847B1500738426 /* Release */,
			);
			defaultConfigurationIsVisible = 0;
			defaultConfigurationName = Release;
		};
		11775B0D1A847B1500738426 /* Build configuration list for PBXNativeTarget "Fun Facts" */ = {
			isa = XCConfigurationList;
			buildConfigurations = (
				11775B0E1A847B1500738426 /* Debug */,
				11775B0F1A847B1500738426 /* Release */,
			);
			defaultConfigurationIsVisible = 0;
		};
		11775B101A847B1500738426 /* Build configuration list for PBXNativeTarget "Fun FactsTests" */ = {
			isa = XCConfigurationList;
			buildConfigurations = (
				11775B111A847B1500738426 /* Debug */,
				11775B121A847B1500738426 /* Release */,
			);
			defaultConfigurationIsVisible = 0;
		};
/* End XCConfigurationList section */
	};
	rootObject = 11775AE61A847B1300738426 /* Project object */;
}
